// !$*UTF8*$!
{
	archiveVersion = 1;
	classes = {
	};
	objectVersion = 46;
	objects = {

/* Begin PBXBuildFile section */
		8003A53D1E69AA930004B009 /* UICollectionView.swift in Sources */ = {isa = PBXBuildFile; fileRef = 8003A53C1E69AA930004B009 /* UICollectionView.swift */; };
		8003A53F1E69B8A80004B009 /* LowLatencyAudio.swift in Sources */ = {isa = PBXBuildFile; fileRef = 8003A53E1E69B8A80004B009 /* LowLatencyAudio.swift */; };
		8003A57C1E69BD670004B009 /* SailSample in Resources */ = {isa = PBXBuildFile; fileRef = 8003A57B1E69BD670004B009 /* SailSample */; };
		8003A57E1E6AA58F0004B009 /* ElegantPairer.swift in Sources */ = {isa = PBXBuildFile; fileRef = 8003A57D1E6AA58F0004B009 /* ElegantPairer.swift */; };
		8003A5801E6ABDA50004B009 /* Constants.swift in Sources */ = {isa = PBXBuildFile; fileRef = 8003A57F1E6ABDA50004B009 /* Constants.swift */; };
		80CDD1E91E65AE5900FD2443 /* AppDelegate.swift in Sources */ = {isa = PBXBuildFile; fileRef = 80CDD1E81E65AE5900FD2443 /* AppDelegate.swift */; };
		80CDD1EB1E65AE5900FD2443 /* ViewController.swift in Sources */ = {isa = PBXBuildFile; fileRef = 80CDD1EA1E65AE5900FD2443 /* ViewController.swift */; };
		80CDD1EE1E65AE5900FD2443 /* Main.storyboard in Resources */ = {isa = PBXBuildFile; fileRef = 80CDD1EC1E65AE5900FD2443 /* Main.storyboard */; };
		80CDD1F01E65AE5900FD2443 /* Assets.xcassets in Resources */ = {isa = PBXBuildFile; fileRef = 80CDD1EF1E65AE5900FD2443 /* Assets.xcassets */; };
		80CDD1F31E65AE5900FD2443 /* LaunchScreen.storyboard in Resources */ = {isa = PBXBuildFile; fileRef = 80CDD1F11E65AE5900FD2443 /* LaunchScreen.storyboard */; };
		80CDD1FE1E65AE5900FD2443 /* LaunchpadPrototypeUITests.swift in Sources */ = {isa = PBXBuildFile; fileRef = 80CDD1FD1E65AE5900FD2443 /* LaunchpadPrototypeUITests.swift */; };
		80CDD2091E65C5A400FD2443 /* Samples in Resources */ = {isa = PBXBuildFile; fileRef = 80CDD2081E65C5A400FD2443 /* Samples */; };
		80CDD20B1E65C64E00FD2443 /* AudioPlayer.swift in Sources */ = {isa = PBXBuildFile; fileRef = 80CDD20A1E65C64E00FD2443 /* AudioPlayer.swift */; };
		E93A02AE1E727F6D00DFB2B7 /* CGSize+Extensions.swift in Sources */ = {isa = PBXBuildFile; fileRef = E93A02AD1E727F6D00DFB2B7 /* CGSize+Extensions.swift */; };
		E93A02B01E7283C300DFB2B7 /* EditButton.swift in Sources */ = {isa = PBXBuildFile; fileRef = E93A02AF1E7283C300DFB2B7 /* EditButton.swift */; };
/* End PBXBuildFile section */

/* Begin PBXContainerItemProxy section */
		80CDD1FA1E65AE5900FD2443 /* PBXContainerItemProxy */ = {
			isa = PBXContainerItemProxy;
			containerPortal = 80CDD1DD1E65AE5900FD2443 /* Project object */;
			proxyType = 1;
			remoteGlobalIDString = 80CDD1E41E65AE5900FD2443;
			remoteInfo = LaunchpadPrototype;
		};
/* End PBXContainerItemProxy section */

/* Begin PBXFileReference section */
		8003A53C1E69AA930004B009 /* UICollectionView.swift */ = {isa = PBXFileReference; fileEncoding = 4; lastKnownFileType = sourcecode.swift; path = UICollectionView.swift; sourceTree = "<group>"; };
		8003A53E1E69B8A80004B009 /* LowLatencyAudio.swift */ = {isa = PBXFileReference; fileEncoding = 4; lastKnownFileType = sourcecode.swift; path = LowLatencyAudio.swift; sourceTree = "<group>"; };
		8003A57B1E69BD670004B009 /* SailSample */ = {isa = PBXFileReference; lastKnownFileType = folder; name = SailSample; path = LaunchpadPrototype/SailSample; sourceTree = "<group>"; };
		8003A57D1E6AA58F0004B009 /* ElegantPairer.swift */ = {isa = PBXFileReference; fileEncoding = 4; lastKnownFileType = sourcecode.swift; path = ElegantPairer.swift; sourceTree = "<group>"; };
		8003A57F1E6ABDA50004B009 /* Constants.swift */ = {isa = PBXFileReference; fileEncoding = 4; lastKnownFileType = sourcecode.swift; path = Constants.swift; sourceTree = "<group>"; };
		80CDD1E51E65AE5900FD2443 /* LaunchpadPrototype.app */ = {isa = PBXFileReference; explicitFileType = wrapper.application; includeInIndex = 0; path = LaunchpadPrototype.app; sourceTree = BUILT_PRODUCTS_DIR; };
		80CDD1E81E65AE5900FD2443 /* AppDelegate.swift */ = {isa = PBXFileReference; lastKnownFileType = sourcecode.swift; path = AppDelegate.swift; sourceTree = "<group>"; };
		80CDD1EA1E65AE5900FD2443 /* ViewController.swift */ = {isa = PBXFileReference; lastKnownFileType = sourcecode.swift; path = ViewController.swift; sourceTree = "<group>"; };
		80CDD1ED1E65AE5900FD2443 /* Base */ = {isa = PBXFileReference; lastKnownFileType = file.storyboard; name = Base; path = Base.lproj/Main.storyboard; sourceTree = "<group>"; };
		80CDD1EF1E65AE5900FD2443 /* Assets.xcassets */ = {isa = PBXFileReference; lastKnownFileType = folder.assetcatalog; path = Assets.xcassets; sourceTree = "<group>"; };
		80CDD1F21E65AE5900FD2443 /* Base */ = {isa = PBXFileReference; lastKnownFileType = file.storyboard; name = Base; path = Base.lproj/LaunchScreen.storyboard; sourceTree = "<group>"; };
		80CDD1F41E65AE5900FD2443 /* Info.plist */ = {isa = PBXFileReference; lastKnownFileType = text.plist.xml; path = Info.plist; sourceTree = "<group>"; };
		80CDD1F91E65AE5900FD2443 /* LaunchpadPrototypeUITests.xctest */ = {isa = PBXFileReference; explicitFileType = wrapper.cfbundle; includeInIndex = 0; path = LaunchpadPrototypeUITests.xctest; sourceTree = BUILT_PRODUCTS_DIR; };
		80CDD1FD1E65AE5900FD2443 /* LaunchpadPrototypeUITests.swift */ = {isa = PBXFileReference; lastKnownFileType = sourcecode.swift; path = LaunchpadPrototypeUITests.swift; sourceTree = "<group>"; };
		80CDD1FF1E65AE5900FD2443 /* Info.plist */ = {isa = PBXFileReference; lastKnownFileType = text.plist.xml; path = Info.plist; sourceTree = "<group>"; };
		80CDD2081E65C5A400FD2443 /* Samples */ = {isa = PBXFileReference; lastKnownFileType = folder; path = Samples; sourceTree = "<group>"; };
		80CDD20A1E65C64E00FD2443 /* AudioPlayer.swift */ = {isa = PBXFileReference; fileEncoding = 4; lastKnownFileType = sourcecode.swift; path = AudioPlayer.swift; sourceTree = "<group>"; };
		E93A02AD1E727F6D00DFB2B7 /* CGSize+Extensions.swift */ = {isa = PBXFileReference; fileEncoding = 4; lastKnownFileType = sourcecode.swift; path = "CGSize+Extensions.swift"; sourceTree = "<group>"; };
		E93A02AF1E7283C300DFB2B7 /* EditButton.swift */ = {isa = PBXFileReference; fileEncoding = 4; lastKnownFileType = sourcecode.swift; path = EditButton.swift; sourceTree = "<group>"; };
/* End PBXFileReference section */

/* Begin PBXFrameworksBuildPhase section */
		80CDD1E21E65AE5900FD2443 /* Frameworks */ = {
			isa = PBXFrameworksBuildPhase;
			buildActionMask = 2147483647;
			files = (
			);
			runOnlyForDeploymentPostprocessing = 0;
		};
		80CDD1F61E65AE5900FD2443 /* Frameworks */ = {
			isa = PBXFrameworksBuildPhase;
			buildActionMask = 2147483647;
			files = (
			);
			runOnlyForDeploymentPostprocessing = 0;
		};
/* End PBXFrameworksBuildPhase section */

/* Begin PBXGroup section */
		80CDD1DC1E65AE5900FD2443 = {
			isa = PBXGroup;
			children = (
				8003A57B1E69BD670004B009 /* SailSample */,
				80CDD2081E65C5A400FD2443 /* Samples */,
				80CDD1E71E65AE5900FD2443 /* LaunchpadPrototype */,
				80CDD1FC1E65AE5900FD2443 /* LaunchpadPrototypeUITests */,
				80CDD1E61E65AE5900FD2443 /* Products */,
			);
			sourceTree = "<group>";
		};
		80CDD1E61E65AE5900FD2443 /* Products */ = {
			isa = PBXGroup;
			children = (
				80CDD1E51E65AE5900FD2443 /* LaunchpadPrototype.app */,
				80CDD1F91E65AE5900FD2443 /* LaunchpadPrototypeUITests.xctest */,
			);
			name = Products;
			sourceTree = "<group>";
		};
		80CDD1E71E65AE5900FD2443 /* LaunchpadPrototype */ = {
			isa = PBXGroup;
			children = (
				80CDD1E81E65AE5900FD2443 /* AppDelegate.swift */,
				80CDD1EA1E65AE5900FD2443 /* ViewController.swift */,
				E93A02AD1E727F6D00DFB2B7 /* CGSize+Extensions.swift */,
				E93A02AF1E7283C300DFB2B7 /* EditButton.swift */,
				80CDD1EC1E65AE5900FD2443 /* Main.storyboard */,
				80CDD1EF1E65AE5900FD2443 /* Assets.xcassets */,
				80CDD1F11E65AE5900FD2443 /* LaunchScreen.storyboard */,
				80CDD1F41E65AE5900FD2443 /* Info.plist */,
				80CDD20A1E65C64E00FD2443 /* AudioPlayer.swift */,
				8003A53C1E69AA930004B009 /* UICollectionView.swift */,
				8003A53E1E69B8A80004B009 /* LowLatencyAudio.swift */,
				8003A57D1E6AA58F0004B009 /* ElegantPairer.swift */,
				8003A57F1E6ABDA50004B009 /* Constants.swift */,
			);
			path = LaunchpadPrototype;
			sourceTree = "<group>";
		};
		80CDD1FC1E65AE5900FD2443 /* LaunchpadPrototypeUITests */ = {
			isa = PBXGroup;
			children = (
				80CDD1FD1E65AE5900FD2443 /* LaunchpadPrototypeUITests.swift */,
				80CDD1FF1E65AE5900FD2443 /* Info.plist */,
			);
			path = LaunchpadPrototypeUITests;
			sourceTree = "<group>";
		};
/* End PBXGroup section */

/* Begin PBXNativeTarget section */
		80CDD1E41E65AE5900FD2443 /* LaunchpadPrototype */ = {
			isa = PBXNativeTarget;
			buildConfigurationList = 80CDD2021E65AE5900FD2443 /* Build configuration list for PBXNativeTarget "LaunchpadPrototype" */;
			buildPhases = (
				80CDD1E11E65AE5900FD2443 /* Sources */,
				80CDD1E21E65AE5900FD2443 /* Frameworks */,
				80CDD1E31E65AE5900FD2443 /* Resources */,
			);
			buildRules = (
			);
			dependencies = (
			);
			name = LaunchpadPrototype;
			productName = LaunchpadPrototype;
			productReference = 80CDD1E51E65AE5900FD2443 /* LaunchpadPrototype.app */;
			productType = "com.apple.product-type.application";
		};
		80CDD1F81E65AE5900FD2443 /* LaunchpadPrototypeUITests */ = {
			isa = PBXNativeTarget;
			buildConfigurationList = 80CDD2051E65AE5900FD2443 /* Build configuration list for PBXNativeTarget "LaunchpadPrototypeUITests" */;
			buildPhases = (
				80CDD1F51E65AE5900FD2443 /* Sources */,
				80CDD1F61E65AE5900FD2443 /* Frameworks */,
				80CDD1F71E65AE5900FD2443 /* Resources */,
			);
			buildRules = (
			);
			dependencies = (
				80CDD1FB1E65AE5900FD2443 /* PBXTargetDependency */,
			);
			name = LaunchpadPrototypeUITests;
			productName = LaunchpadPrototypeUITests;
			productReference = 80CDD1F91E65AE5900FD2443 /* LaunchpadPrototypeUITests.xctest */;
			productType = "com.apple.product-type.bundle.ui-testing";
		};
/* End PBXNativeTarget section */

/* Begin PBXProject section */
		80CDD1DD1E65AE5900FD2443 /* Project object */ = {
			isa = PBXProject;
			attributes = {
				LastSwiftUpdateCheck = 0820;
				LastUpgradeCheck = 0820;
				ORGANIZATIONNAME = "Ten Zhi yang";
				TargetAttributes = {
					80CDD1E41E65AE5900FD2443 = {
						CreatedOnToolsVersion = 8.2.1;
						DevelopmentTeam = PTWKJWG89Q;
						ProvisioningStyle = Automatic;
					};
					80CDD1F81E65AE5900FD2443 = {
						CreatedOnToolsVersion = 8.2.1;
						DevelopmentTeam = PTWKJWG89Q;
						ProvisioningStyle = Automatic;
						TestTargetID = 80CDD1E41E65AE5900FD2443;
					};
				};
			};
			buildConfigurationList = 80CDD1E01E65AE5900FD2443 /* Build configuration list for PBXProject "LaunchpadPrototype" */;
			compatibilityVersion = "Xcode 3.2";
			developmentRegion = English;
			hasScannedForEncodings = 0;
			knownRegions = (
				en,
				Base,
			);
			mainGroup = 80CDD1DC1E65AE5900FD2443;
			productRefGroup = 80CDD1E61E65AE5900FD2443 /* Products */;
			projectDirPath = "";
			projectRoot = "";
			targets = (
				80CDD1E41E65AE5900FD2443 /* LaunchpadPrototype */,
				80CDD1F81E65AE5900FD2443 /* LaunchpadPrototypeUITests */,
			);
		};
/* End PBXProject section */

/* Begin PBXResourcesBuildPhase section */
		80CDD1E31E65AE5900FD2443 /* Resources */ = {
			isa = PBXResourcesBuildPhase;
			buildActionMask = 2147483647;
			files = (
				8003A57C1E69BD670004B009 /* SailSample in Resources */,
				80CDD2091E65C5A400FD2443 /* Samples in Resources */,
				80CDD1F31E65AE5900FD2443 /* LaunchScreen.storyboard in Resources */,
				80CDD1F01E65AE5900FD2443 /* Assets.xcassets in Resources */,
				80CDD1EE1E65AE5900FD2443 /* Main.storyboard in Resources */,
			);
			runOnlyForDeploymentPostprocessing = 0;
		};
		80CDD1F71E65AE5900FD2443 /* Resources */ = {
			isa = PBXResourcesBuildPhase;
			buildActionMask = 2147483647;
			files = (
			);
			runOnlyForDeploymentPostprocessing = 0;
		};
/* End PBXResourcesBuildPhase section */

/* Begin PBXSourcesBuildPhase section */
		80CDD1E11E65AE5900FD2443 /* Sources */ = {
			isa = PBXSourcesBuildPhase;
			buildActionMask = 2147483647;
			files = (
				80CDD1EB1E65AE5900FD2443 /* ViewController.swift in Sources */,
				E93A02B01E7283C300DFB2B7 /* EditButton.swift in Sources */,
				8003A57E1E6AA58F0004B009 /* ElegantPairer.swift in Sources */,
				E93A02AE1E727F6D00DFB2B7 /* CGSize+Extensions.swift in Sources */,
				80CDD1E91E65AE5900FD2443 /* AppDelegate.swift in Sources */,
				8003A53D1E69AA930004B009 /* UICollectionView.swift in Sources */,
				8003A5801E6ABDA50004B009 /* Constants.swift in Sources */,
				8003A53F1E69B8A80004B009 /* LowLatencyAudio.swift in Sources */,
				80CDD20B1E65C64E00FD2443 /* AudioPlayer.swift in Sources */,
			);
			runOnlyForDeploymentPostprocessing = 0;
		};
		80CDD1F51E65AE5900FD2443 /* Sources */ = {
			isa = PBXSourcesBuildPhase;
			buildActionMask = 2147483647;
			files = (
				80CDD1FE1E65AE5900FD2443 /* LaunchpadPrototypeUITests.swift in Sources */,
			);
			runOnlyForDeploymentPostprocessing = 0;
		};
/* End PBXSourcesBuildPhase section */

/* Begin PBXTargetDependency section */
		80CDD1FB1E65AE5900FD2443 /* PBXTargetDependency */ = {
			isa = PBXTargetDependency;
			target = 80CDD1E41E65AE5900FD2443 /* LaunchpadPrototype */;
			targetProxy = 80CDD1FA1E65AE5900FD2443 /* PBXContainerItemProxy */;
		};
/* End PBXTargetDependency section */

/* Begin PBXVariantGroup section */
		80CDD1EC1E65AE5900FD2443 /* Main.storyboard */ = {
			isa = PBXVariantGroup;
			children = (
				80CDD1ED1E65AE5900FD2443 /* Base */,
			);
			name = Main.storyboard;
			sourceTree = "<group>";
		};
		80CDD1F11E65AE5900FD2443 /* LaunchScreen.storyboard */ = {
			isa = PBXVariantGroup;
			children = (
				80CDD1F21E65AE5900FD2443 /* Base */,
			);
			name = LaunchScreen.storyboard;
			sourceTree = "<group>";
		};
/* End PBXVariantGroup section */

/* Begin XCBuildConfiguration section */
		80CDD2001E65AE5900FD2443 /* Debug */ = {
			isa = XCBuildConfiguration;
			buildSettings = {
				ALWAYS_SEARCH_USER_PATHS = NO;
				CLANG_ANALYZER_NONNULL = YES;
				CLANG_CXX_LANGUAGE_STANDARD = "gnu++0x";
				CLANG_CXX_LIBRARY = "libc++";
				CLANG_ENABLE_MODULES = YES;
				CLANG_ENABLE_OBJC_ARC = YES;
				CLANG_WARN_BOOL_CONVERSION = YES;
				CLANG_WARN_CONSTANT_CONVERSION = YES;
				CLANG_WARN_DIRECT_OBJC_ISA_USAGE = YES_ERROR;
				CLANG_WARN_DOCUMENTATION_COMMENTS = YES;
				CLANG_WARN_EMPTY_BODY = YES;
				CLANG_WARN_ENUM_CONVERSION = YES;
				CLANG_WARN_INFINITE_RECURSION = YES;
				CLANG_WARN_INT_CONVERSION = YES;
				CLANG_WARN_OBJC_ROOT_CLASS = YES_ERROR;
				CLANG_WARN_SUSPICIOUS_MOVE = YES;
				CLANG_WARN_UNREACHABLE_CODE = YES;
				CLANG_WARN__DUPLICATE_METHOD_MATCH = YES;
				"CODE_SIGN_IDENTITY[sdk=iphoneos*]" = "iPhone Developer";
				COPY_PHASE_STRIP = NO;
				DEBUG_INFORMATION_FORMAT = dwarf;
				ENABLE_STRICT_OBJC_MSGSEND = YES;
				ENABLE_TESTABILITY = YES;
				GCC_C_LANGUAGE_STANDARD = gnu99;
				GCC_DYNAMIC_NO_PIC = NO;
				GCC_NO_COMMON_BLOCKS = YES;
				GCC_OPTIMIZATION_LEVEL = 0;
				GCC_PREPROCESSOR_DEFINITIONS = (
					"DEBUG=1",
					"$(inherited)",
				);
				GCC_WARN_64_TO_32_BIT_CONVERSION = YES;
				GCC_WARN_ABOUT_RETURN_TYPE = YES_ERROR;
				GCC_WARN_UNDECLARED_SELECTOR = YES;
				GCC_WARN_UNINITIALIZED_AUTOS = YES_AGGRESSIVE;
				GCC_WARN_UNUSED_FUNCTION = YES;
				GCC_WARN_UNUSED_VARIABLE = YES;
				IPHONEOS_DEPLOYMENT_TARGET = 10.2;
				MTL_ENABLE_DEBUG_INFO = YES;
				ONLY_ACTIVE_ARCH = YES;
				SDKROOT = iphoneos;
				SWIFT_ACTIVE_COMPILATION_CONDITIONS = DEBUG;
				SWIFT_OPTIMIZATION_LEVEL = "-Onone";
				TARGETED_DEVICE_FAMILY = 2;
			};
			name = Debug;
		};
		80CDD2011E65AE5900FD2443 /* Release */ = {
			isa = XCBuildConfiguration;
			buildSettings = {
				ALWAYS_SEARCH_USER_PATHS = NO;
				CLANG_ANALYZER_NONNULL = YES;
				CLANG_CXX_LANGUAGE_STANDARD = "gnu++0x";
				CLANG_CXX_LIBRARY = "libc++";
				CLANG_ENABLE_MODULES = YES;
				CLANG_ENABLE_OBJC_ARC = YES;
				CLANG_WARN_BOOL_CONVERSION = YES;
				CLANG_WARN_CONSTANT_CONVERSION = YES;
				CLANG_WARN_DIRECT_OBJC_ISA_USAGE = YES_ERROR;
				CLANG_WARN_DOCUMENTATION_COMMENTS = YES;
				CLANG_WARN_EMPTY_BODY = YES;
				CLANG_WARN_ENUM_CONVERSION = YES;
				CLANG_WARN_INFINITE_RECURSION = YES;
				CLANG_WARN_INT_CONVERSION = YES;
				CLANG_WARN_OBJC_ROOT_CLASS = YES_ERROR;
				CLANG_WARN_SUSPICIOUS_MOVE = YES;
				CLANG_WARN_UNREACHABLE_CODE = YES;
				CLANG_WARN__DUPLICATE_METHOD_MATCH = YES;
				"CODE_SIGN_IDENTITY[sdk=iphoneos*]" = "iPhone Developer";
				COPY_PHASE_STRIP = NO;
				DEBUG_INFORMATION_FORMAT = "dwarf-with-dsym";
				ENABLE_NS_ASSERTIONS = NO;
				ENABLE_STRICT_OBJC_MSGSEND = YES;
				GCC_C_LANGUAGE_STANDARD = gnu99;
				GCC_NO_COMMON_BLOCKS = YES;
				GCC_WARN_64_TO_32_BIT_CONVERSION = YES;
				GCC_WARN_ABOUT_RETURN_TYPE = YES_ERROR;
				GCC_WARN_UNDECLARED_SELECTOR = YES;
				GCC_WARN_UNINITIALIZED_AUTOS = YES_AGGRESSIVE;
				GCC_WARN_UNUSED_FUNCTION = YES;
				GCC_WARN_UNUSED_VARIABLE = YES;
				IPHONEOS_DEPLOYMENT_TARGET = 10.2;
				MTL_ENABLE_DEBUG_INFO = NO;
				SDKROOT = iphoneos;
				SWIFT_OPTIMIZATION_LEVEL = "-Owholemodule";
				TARGETED_DEVICE_FAMILY = 2;
				VALIDATE_PRODUCT = YES;
			};
			name = Release;
		};
		80CDD2031E65AE5900FD2443 /* Debug */ = {
			isa = XCBuildConfiguration;
			buildSettings = {
				ASSETCATALOG_COMPILER_APPICON_NAME = AppIcon;
				DEVELOPMENT_TEAM = PTWKJWG89Q;
				INFOPLIST_FILE = LaunchpadPrototype/Info.plist;
				LD_RUNPATH_SEARCH_PATHS = "$(inherited) @executable_path/Frameworks";
				PRODUCT_BUNDLE_IDENTIFIER = nus.cs3217.a0125415n.LaunchpadPrototype;
				PRODUCT_NAME = "$(TARGET_NAME)";
				SWIFT_VERSION = 3.0;
			};
			name = Debug;
		};
		80CDD2041E65AE5900FD2443 /* Release */ = {
			isa = XCBuildConfiguration;
			buildSettings = {
				ASSETCATALOG_COMPILER_APPICON_NAME = AppIcon;
				DEVELOPMENT_TEAM = PTWKJWG89Q;
				INFOPLIST_FILE = LaunchpadPrototype/Info.plist;
				LD_RUNPATH_SEARCH_PATHS = "$(inherited) @executable_path/Frameworks";
				PRODUCT_BUNDLE_IDENTIFIER = nus.cs3217.a0125415n.LaunchpadPrototype;
				PRODUCT_NAME = "$(TARGET_NAME)";
				SWIFT_VERSION = 3.0;
			};
			name = Release;
		};
		80CDD2061E65AE5900FD2443 /* Debug */ = {
			isa = XCBuildConfiguration;
			buildSettings = {
				ALWAYS_EMBED_SWIFT_STANDARD_LIBRARIES = YES;
				DEVELOPMENT_TEAM = PTWKJWG89Q;
				INFOPLIST_FILE = LaunchpadPrototypeUITests/Info.plist;
				LD_RUNPATH_SEARCH_PATHS = "$(inherited) @executable_path/Frameworks @loader_path/Frameworks";
				PRODUCT_BUNDLE_IDENTIFIER = nus.cs3217.a0125415n.LaunchpadPrototypeUITests;
				PRODUCT_NAME = "$(TARGET_NAME)";
				SWIFT_VERSION = 3.0;
				TEST_TARGET_NAME = LaunchpadPrototype;
			};
			name = Debug;
		};
		80CDD2071E65AE5900FD2443 /* Release */ = {
			isa = XCBuildConfiguration;
			buildSettings = {
				ALWAYS_EMBED_SWIFT_STANDARD_LIBRARIES = YES;
				DEVELOPMENT_TEAM = PTWKJWG89Q;
				INFOPLIST_FILE = LaunchpadPrototypeUITests/Info.plist;
				LD_RUNPATH_SEARCH_PATHS = "$(inherited) @executable_path/Frameworks @loader_path/Frameworks";
				PRODUCT_BUNDLE_IDENTIFIER = nus.cs3217.a0125415n.LaunchpadPrototypeUITests;
				PRODUCT_NAME = "$(TARGET_NAME)";
				SWIFT_VERSION = 3.0;
				TEST_TARGET_NAME = LaunchpadPrototype;
			};
			name = Release;
		};
/* End XCBuildConfiguration section */

/* Begin XCConfigurationList section */
		80CDD1E01E65AE5900FD2443 /* Build configuration list for PBXProject "LaunchpadPrototype" */ = {
			isa = XCConfigurationList;
			buildConfigurations = (
				80CDD2001E65AE5900FD2443 /* Debug */,
				80CDD2011E65AE5900FD2443 /* Release */,
			);
			defaultConfigurationIsVisible = 0;
			defaultConfigurationName = Release;
		};
		80CDD2021E65AE5900FD2443 /* Build configuration list for PBXNativeTarget "LaunchpadPrototype" */ = {
			isa = XCConfigurationList;
			buildConfigurations = (
				80CDD2031E65AE5900FD2443 /* Debug */,
				80CDD2041E65AE5900FD2443 /* Release */,
			);
			defaultConfigurationIsVisible = 0;
			defaultConfigurationName = Release;
		};
		80CDD2051E65AE5900FD2443 /* Build configuration list for PBXNativeTarget "LaunchpadPrototypeUITests" */ = {
			isa = XCConfigurationList;
			buildConfigurations = (
				80CDD2061E65AE5900FD2443 /* Debug */,
				80CDD2071E65AE5900FD2443 /* Release */,
			);
			defaultConfigurationIsVisible = 0;
			defaultConfigurationName = Release;
		};
/* End XCConfigurationList section */
	};
	rootObject = 80CDD1DD1E65AE5900FD2443 /* Project object */;
}
