PODS:
  - Realm (2.4.4):
    - Realm/Headers (= 2.4.4)
  - Realm/Headers (2.4.4)
  - RealmSwift (2.4.4):
    - Realm (= 2.4.4)
  - SwiftLint (0.17.0)

DEPENDENCIES:
  - Realm (from `https://github.com/realm/realm-cocoa.git`, branch `master`)
  - RealmSwift (from `https://github.com/realm/realm-cocoa.git`, branch `master`)
  - SwiftLint

EXTERNAL SOURCES:
  Realm:
    :branch: master
    :git: https://github.com/realm/realm-cocoa.git
    :submodules: true
  RealmSwift:
    :branch: master
    :git: https://github.com/realm/realm-cocoa.git
    :submodules: true

CHECKOUT OPTIONS:
  Realm:
    :commit: 84976b902fea88c1cecde16acc2e26ffffe08c99
    :git: https://github.com/realm/realm-cocoa.git
    :submodules: true
  RealmSwift:
    :commit: 84976b902fea88c1cecde16acc2e26ffffe08c99
    :git: https://github.com/realm/realm-cocoa.git
    :submodules: true

SPEC CHECKSUMS:
  Realm: 5a280a1f5a9a3c267bebf4f41ee47911137703d7
  RealmSwift: e45530b4eb17dcc244a2f187d2e2338a48d2f8c2
  SwiftLint: 9fb1dd71d5952d130f8c2fb60ae2e1475cf5d575

PODFILE CHECKSUM: ef40c1f862877cf0401802aec6d630b546f0f398

COCOAPODS: 1.2.0
